
Microsoft Visual Studio Solution File, Format Version 12.00
# Visual Studio Version 17
VisualStudioVersion = 17.8.34525.116
MinimumVisualStudioVersion = 10.0.40219.1
Project("{FAE04EC0-301F-11D3-BF4B-00C04F79EFBC}") = "Aspi_backend", "Aspi_backend.csproj", "{1C0AD6AD-A21A-4C81-89E3-9C723F020658}"
EndProject
Global
	GlobalSection(SolutionConfigurationPlatforms) = preSolution
		Debug|Any CPU = Debug|Any CPU
		Release|Any CPU = Release|Any CPU
	EndGlobalSection
	GlobalSection(ProjectConfigurationPlatforms) = postSolution
		{1C0AD6AD-A21A-4C81-89E3-9C723F020658}.Debug|Any CPU.ActiveCfg = Debug|Any CPU
		{1C0AD6AD-A21A-4C81-89E3-9C723F020658}.Debug|Any CPU.Build.0 = Debug|Any CPU
		{1C0AD6AD-A21A-4C81-89E3-9C723F020658}.Release|Any CPU.ActiveCfg = Release|Any CPU
		{1C0AD6AD-A21A-4C81-89E3-9C723F020658}.Release|Any CPU.Build.0 = Release|Any CPU
	EndGlobalSection
	GlobalSection(SolutionProperties) = preSolution
		HideSolutionNode = FALSE
	EndGlobalSection
	GlobalSection(ExtensibilityGlobals) = postSolution
		SolutionGuid = {60ABF8D0-EE61-4328-9FEE-ED8E3FA9951D}
	EndGlobalSection
EndGlobal
